
Microsoft Visual Studio Solution File, Format Version 12.00
# Visual Studio 14
VisualStudioVersion = 14.0.25420.1
MinimumVisualStudioVersion = 10.0.40219.1
Project("{FAE04EC0-301F-11D3-BF4B-00C04F79EFBC}") = "LiveSplit.BinaryBackgroundTimer", "LiveSplit.BinaryBackgroundTimer.csproj", "{2B44D40B-7B4B-485A-A464-D829782B2F59}"
EndProject
Global
	GlobalSection(SolutionConfigurationPlatforms) = preSolution
		Debug|Any CPU = Debug|Any CPU
		Release Candidate|Any CPU = Release Candidate|Any CPU
		Release|Any CPU = Release|Any CPU
	EndGlobalSection
	GlobalSection(ProjectConfigurationPlatforms) = postSolution
		{2B44D40B-7B4B-485A-A464-D829782B2F59}.Debug|Any CPU.ActiveCfg = Debug|Any CPU
		{2B44D40B-7B4B-485A-A464-D829782B2F59}.Debug|Any CPU.Build.0 = Debug|Any CPU
		{2B44D40B-7B4B-485A-A464-D829782B2F59}.Release Candidate|Any CPU.ActiveCfg = Release Candidate|Any CPU
		{2B44D40B-7B4B-485A-A464-D829782B2F59}.Release Candidate|Any CPU.Build.0 = Release Candidate|Any CPU
		{2B44D40B-7B4B-485A-A464-D829782B2F59}.Release|Any CPU.ActiveCfg = Release|Any CPU
		{2B44D40B-7B4B-485A-A464-D829782B2F59}.Release|Any CPU.Build.0 = Release|Any CPU
	EndGlobalSection
	GlobalSection(SolutionProperties) = preSolution
		HideSolutionNode = FALSE
	EndGlobalSection
EndGlobal
